// !$*UTF8*$!
{
	archiveVersion = 1;
	classes = {
	};
	objectVersion = 46;
	objects = {

/* Begin PBXBuildFile section */
		23179D1E1C5BAEBA00291CB4 /* KHDetailsViewController.m in Sources */ = {isa = PBXBuildFile; fileRef = 23179D1C1C5BAEBA00291CB4 /* KHDetailsViewController.m */; };
		23179D211C5BC22200291CB4 /* KHDetailsStoryboard.storyboard in Resources */ = {isa = PBXBuildFile; fileRef = 23179D201C5BC22200291CB4 /* KHDetailsStoryboard.storyboard */; };
		23179D241C5BC49600291CB4 /* KHMainImageTableViewCell.m in Sources */ = {isa = PBXBuildFile; fileRef = 23179D231C5BC49600291CB4 /* KHMainImageTableViewCell.m */; };
		23BB32771C590870000E8C72 /* main.m in Sources */ = {isa = PBXBuildFile; fileRef = 23BB32761C590870000E8C72 /* main.m */; };
		23BB327A1C590870000E8C72 /* AppDelegate.m in Sources */ = {isa = PBXBuildFile; fileRef = 23BB32791C590870000E8C72 /* AppDelegate.m */; };
		23BB327D1C590870000E8C72 /* ViewController.m in Sources */ = {isa = PBXBuildFile; fileRef = 23BB327C1C590870000E8C72 /* ViewController.m */; };
		23BB32801C590870000E8C72 /* Main.storyboard in Resources */ = {isa = PBXBuildFile; fileRef = 23BB327E1C590870000E8C72 /* Main.storyboard */; };
		23BB32821C590870000E8C72 /* Assets.xcassets in Resources */ = {isa = PBXBuildFile; fileRef = 23BB32811C590870000E8C72 /* Assets.xcassets */; };
		23BB32851C590870000E8C72 /* LaunchScreen.storyboard in Resources */ = {isa = PBXBuildFile; fileRef = 23BB32831C590870000E8C72 /* LaunchScreen.storyboard */; };
		23BB32901C590870000E8C72 /* ImageXTests.m in Sources */ = {isa = PBXBuildFile; fileRef = 23BB328F1C590870000E8C72 /* ImageXTests.m */; };
		23BB329B1C590870000E8C72 /* ImageXUITests.m in Sources */ = {isa = PBXBuildFile; fileRef = 23BB329A1C590870000E8C72 /* ImageXUITests.m */; };
		23C540551C5917E900C01B03 /* KHHomeImageCollectionViewCell.m in Sources */ = {isa = PBXBuildFile; fileRef = 23C540531C5917E900C01B03 /* KHHomeImageCollectionViewCell.m */; };
		23C540561C5917E900C01B03 /* KHHomeImageCollectionViewCell.xib in Resources */ = {isa = PBXBuildFile; fileRef = 23C540541C5917E900C01B03 /* KHHomeImageCollectionViewCell.xib */; };
		983576023E33ABE8E65E2144 /* libPods-ImageX.a in Frameworks */ = {isa = PBXBuildFile; fileRef = 923FF6DDBF7BE13343A012B2 /* libPods-ImageX.a */; };
/* End PBXBuildFile section */

/* Begin PBXContainerItemProxy section */
		23BB328C1C590870000E8C72 /* PBXContainerItemProxy */ = {
			isa = PBXContainerItemProxy;
			containerPortal = 23BB326A1C590870000E8C72 /* Project object */;
			proxyType = 1;
			remoteGlobalIDString = 23BB32711C590870000E8C72;
			remoteInfo = ImageX;
		};
		23BB32971C590870000E8C72 /* PBXContainerItemProxy */ = {
			isa = PBXContainerItemProxy;
			containerPortal = 23BB326A1C590870000E8C72 /* Project object */;
			proxyType = 1;
			remoteGlobalIDString = 23BB32711C590870000E8C72;
			remoteInfo = ImageX;
		};
/* End PBXContainerItemProxy section */

/* Begin PBXFileReference section */
		23179D1B1C5BAEBA00291CB4 /* KHDetailsViewController.h */ = {isa = PBXFileReference; fileEncoding = 4; lastKnownFileType = sourcecode.c.h; path = KHDetailsViewController.h; sourceTree = "<group>"; };
		23179D1C1C5BAEBA00291CB4 /* KHDetailsViewController.m */ = {isa = PBXFileReference; fileEncoding = 4; lastKnownFileType = sourcecode.c.objc; path = KHDetailsViewController.m; sourceTree = "<group>"; };
		23179D201C5BC22200291CB4 /* KHDetailsStoryboard.storyboard */ = {isa = PBXFileReference; fileEncoding = 4; lastKnownFileType = file.storyboard; path = KHDetailsStoryboard.storyboard; sourceTree = "<group>"; };
		23179D221C5BC49600291CB4 /* KHMainImageTableViewCell.h */ = {isa = PBXFileReference; fileEncoding = 4; lastKnownFileType = sourcecode.c.h; path = KHMainImageTableViewCell.h; sourceTree = "<group>"; };
		23179D231C5BC49600291CB4 /* KHMainImageTableViewCell.m */ = {isa = PBXFileReference; fileEncoding = 4; lastKnownFileType = sourcecode.c.objc; path = KHMainImageTableViewCell.m; sourceTree = "<group>"; };
		23BB32721C590870000E8C72 /* ImageX.app */ = {isa = PBXFileReference; explicitFileType = wrapper.application; includeInIndex = 0; path = ImageX.app; sourceTree = BUILT_PRODUCTS_DIR; };
		23BB32761C590870000E8C72 /* main.m */ = {isa = PBXFileReference; lastKnownFileType = sourcecode.c.objc; path = main.m; sourceTree = "<group>"; };
		23BB32781C590870000E8C72 /* AppDelegate.h */ = {isa = PBXFileReference; lastKnownFileType = sourcecode.c.h; path = AppDelegate.h; sourceTree = "<group>"; };
		23BB32791C590870000E8C72 /* AppDelegate.m */ = {isa = PBXFileReference; lastKnownFileType = sourcecode.c.objc; path = AppDelegate.m; sourceTree = "<group>"; };
		23BB327B1C590870000E8C72 /* ViewController.h */ = {isa = PBXFileReference; lastKnownFileType = sourcecode.c.h; path = ViewController.h; sourceTree = "<group>"; };
		23BB327C1C590870000E8C72 /* ViewController.m */ = {isa = PBXFileReference; lastKnownFileType = sourcecode.c.objc; path = ViewController.m; sourceTree = "<group>"; };
		23BB327F1C590870000E8C72 /* Base */ = {isa = PBXFileReference; lastKnownFileType = file.storyboard; name = Base; path = Base.lproj/Main.storyboard; sourceTree = "<group>"; };
		23BB32811C590870000E8C72 /* Assets.xcassets */ = {isa = PBXFileReference; lastKnownFileType = folder.assetcatalog; path = Assets.xcassets; sourceTree = "<group>"; };
		23BB32841C590870000E8C72 /* Base */ = {isa = PBXFileReference; lastKnownFileType = file.storyboard; name = Base; path = Base.lproj/LaunchScreen.storyboard; sourceTree = "<group>"; };
		23BB32861C590870000E8C72 /* Info.plist */ = {isa = PBXFileReference; lastKnownFileType = text.plist.xml; path = Info.plist; sourceTree = "<group>"; };
		23BB328B1C590870000E8C72 /* ImageXTests.xctest */ = {isa = PBXFileReference; explicitFileType = wrapper.cfbundle; includeInIndex = 0; path = ImageXTests.xctest; sourceTree = BUILT_PRODUCTS_DIR; };
		23BB328F1C590870000E8C72 /* ImageXTests.m */ = {isa = PBXFileReference; lastKnownFileType = sourcecode.c.objc; path = ImageXTests.m; sourceTree = "<group>"; };
		23BB32911C590870000E8C72 /* Info.plist */ = {isa = PBXFileReference; lastKnownFileType = text.plist.xml; path = Info.plist; sourceTree = "<group>"; };
		23BB32961C590870000E8C72 /* ImageXUITests.xctest */ = {isa = PBXFileReference; explicitFileType = wrapper.cfbundle; includeInIndex = 0; path = ImageXUITests.xctest; sourceTree = BUILT_PRODUCTS_DIR; };
		23BB329A1C590870000E8C72 /* ImageXUITests.m */ = {isa = PBXFileReference; lastKnownFileType = sourcecode.c.objc; path = ImageXUITests.m; sourceTree = "<group>"; };
		23BB329C1C590870000E8C72 /* Info.plist */ = {isa = PBXFileReference; lastKnownFileType = text.plist.xml; path = Info.plist; sourceTree = "<group>"; };
		23C540501C59100B00C01B03 /* ImageX-prefix.h */ = {isa = PBXFileReference; lastKnownFileType = sourcecode.c.h; path = "ImageX-prefix.h"; sourceTree = "<group>"; };
		23C540521C5917E900C01B03 /* KHHomeImageCollectionViewCell.h */ = {isa = PBXFileReference; fileEncoding = 4; lastKnownFileType = sourcecode.c.h; path = KHHomeImageCollectionViewCell.h; sourceTree = "<group>"; };
		23C540531C5917E900C01B03 /* KHHomeImageCollectionViewCell.m */ = {isa = PBXFileReference; fileEncoding = 4; lastKnownFileType = sourcecode.c.objc; path = KHHomeImageCollectionViewCell.m; sourceTree = "<group>"; };
		23C540541C5917E900C01B03 /* KHHomeImageCollectionViewCell.xib */ = {isa = PBXFileReference; fileEncoding = 4; lastKnownFileType = file.xib; path = KHHomeImageCollectionViewCell.xib; sourceTree = "<group>"; };
		58DC2E16F8B74D6AC2C99C2B /* Pods-ImageX.debug.xcconfig */ = {isa = PBXFileReference; includeInIndex = 1; lastKnownFileType = text.xcconfig; name = "Pods-ImageX.debug.xcconfig"; path = "Pods/Target Support Files/Pods-ImageX/Pods-ImageX.debug.xcconfig"; sourceTree = "<group>"; };
		923FF6DDBF7BE13343A012B2 /* libPods-ImageX.a */ = {isa = PBXFileReference; explicitFileType = archive.ar; includeInIndex = 0; path = "libPods-ImageX.a"; sourceTree = BUILT_PRODUCTS_DIR; };
		CE8C7F3C80DF2BFA580C2680 /* Pods-ImageX.release.xcconfig */ = {isa = PBXFileReference; includeInIndex = 1; lastKnownFileType = text.xcconfig; name = "Pods-ImageX.release.xcconfig"; path = "Pods/Target Support Files/Pods-ImageX/Pods-ImageX.release.xcconfig"; sourceTree = "<group>"; };
/* End PBXFileReference section */

/* Begin PBXFrameworksBuildPhase section */
		23BB326F1C590870000E8C72 /* Frameworks */ = {
			isa = PBXFrameworksBuildPhase;
			buildActionMask = 2147483647;
			files = (
				983576023E33ABE8E65E2144 /* libPods-ImageX.a in Frameworks */,
			);
			runOnlyForDeploymentPostprocessing = 0;
		};
		23BB32881C590870000E8C72 /* Frameworks */ = {
			isa = PBXFrameworksBuildPhase;
			buildActionMask = 2147483647;
			files = (
			);
			runOnlyForDeploymentPostprocessing = 0;
		};
		23BB32931C590870000E8C72 /* Frameworks */ = {
			isa = PBXFrameworksBuildPhase;
			buildActionMask = 2147483647;
			files = (
			);
			runOnlyForDeploymentPostprocessing = 0;
		};
/* End PBXFrameworksBuildPhase section */

/* Begin PBXGroup section */
		23179D1A1C5BAEA300291CB4 /* Details */ = {
			isa = PBXGroup;
			children = (
				23179D1B1C5BAEBA00291CB4 /* KHDetailsViewController.h */,
				23179D1C1C5BAEBA00291CB4 /* KHDetailsViewController.m */,
				23179D201C5BC22200291CB4 /* KHDetailsStoryboard.storyboard */,
				23179D221C5BC49600291CB4 /* KHMainImageTableViewCell.h */,
				23179D231C5BC49600291CB4 /* KHMainImageTableViewCell.m */,
			);
			name = Details;
			path = ViewControllers/Details;
			sourceTree = "<group>";
		};
		23BB32691C590870000E8C72 = {
			isa = PBXGroup;
			children = (
				23BB32741C590870000E8C72 /* ImageX */,
				23BB328E1C590870000E8C72 /* ImageXTests */,
				23BB32991C590870000E8C72 /* ImageXUITests */,
				23BB32731C590870000E8C72 /* Products */,
				35284298ED9998E6B7FC64B0 /* Pods */,
				DECC5C9D53304C98AA25472A /* Frameworks */,
			);
			sourceTree = "<group>";
		};
		23BB32731C590870000E8C72 /* Products */ = {
			isa = PBXGroup;
			children = (
				23BB32721C590870000E8C72 /* ImageX.app */,
				23BB328B1C590870000E8C72 /* ImageXTests.xctest */,
				23BB32961C590870000E8C72 /* ImageXUITests.xctest */,
			);
			name = Products;
			sourceTree = "<group>";
		};
		23BB32741C590870000E8C72 /* ImageX */ = {
			isa = PBXGroup;
			children = (
				23179D1A1C5BAEA300291CB4 /* Details */,
				23C540511C5917BB00C01B03 /* Home */,
				23BB32781C590870000E8C72 /* AppDelegate.h */,
				23BB32791C590870000E8C72 /* AppDelegate.m */,
				23BB327B1C590870000E8C72 /* ViewController.h */,
				23BB327C1C590870000E8C72 /* ViewController.m */,
				23BB327E1C590870000E8C72 /* Main.storyboard */,
				23BB32811C590870000E8C72 /* Assets.xcassets */,
				23BB32831C590870000E8C72 /* LaunchScreen.storyboard */,
				23BB32861C590870000E8C72 /* Info.plist */,
				23BB32751C590870000E8C72 /* Supporting Files */,
			);
			path = ImageX;
			sourceTree = "<group>";
		};
		23BB32751C590870000E8C72 /* Supporting Files */ = {
			isa = PBXGroup;
			children = (
				23BB32761C590870000E8C72 /* main.m */,
				23C540501C59100B00C01B03 /* ImageX-prefix.h */,
			);
			name = "Supporting Files";
			sourceTree = "<group>";
		};
		23BB328E1C590870000E8C72 /* ImageXTests */ = {
			isa = PBXGroup;
			children = (
				23BB328F1C590870000E8C72 /* ImageXTests.m */,
				23BB32911C590870000E8C72 /* Info.plist */,
			);
			path = ImageXTests;
			sourceTree = "<group>";
		};
		23BB32991C590870000E8C72 /* ImageXUITests */ = {
			isa = PBXGroup;
			children = (
				23BB329A1C590870000E8C72 /* ImageXUITests.m */,
				23BB329C1C590870000E8C72 /* Info.plist */,
			);
			path = ImageXUITests;
			sourceTree = "<group>";
		};
		23C540511C5917BB00C01B03 /* Home */ = {
			isa = PBXGroup;
			children = (
				23C540521C5917E900C01B03 /* KHHomeImageCollectionViewCell.h */,
				23C540531C5917E900C01B03 /* KHHomeImageCollectionViewCell.m */,
				23C540541C5917E900C01B03 /* KHHomeImageCollectionViewCell.xib */,
			);
			name = Home;
			path = ViewControllers/Home;
			sourceTree = "<group>";
		};
		35284298ED9998E6B7FC64B0 /* Pods */ = {
			isa = PBXGroup;
			children = (
				58DC2E16F8B74D6AC2C99C2B /* Pods-ImageX.debug.xcconfig */,
				CE8C7F3C80DF2BFA580C2680 /* Pods-ImageX.release.xcconfig */,
			);
			name = Pods;
			sourceTree = "<group>";
		};
		DECC5C9D53304C98AA25472A /* Frameworks */ = {
			isa = PBXGroup;
			children = (
				923FF6DDBF7BE13343A012B2 /* libPods-ImageX.a */,
			);
			name = Frameworks;
			sourceTree = "<group>";
		};
/* End PBXGroup section */

/* Begin PBXNativeTarget section */
		23BB32711C590870000E8C72 /* ImageX */ = {
			isa = PBXNativeTarget;
			buildConfigurationList = 23BB329F1C590870000E8C72 /* Build configuration list for PBXNativeTarget "ImageX" */;
			buildPhases = (
				E61A8199533E15CA94B7C935 /* Check Pods Manifest.lock */,
				23BB326E1C590870000E8C72 /* Sources */,
				23BB326F1C590870000E8C72 /* Frameworks */,
				23BB32701C590870000E8C72 /* Resources */,
				2578B45DBE8F96641D0584BC /* Embed Pods Frameworks */,
				09ECF8A9E92EA6447974F6B7 /* Copy Pods Resources */,
			);
			buildRules = (
			);
			dependencies = (
			);
			name = ImageX;
			productName = ImageX;
			productReference = 23BB32721C590870000E8C72 /* ImageX.app */;
			productType = "com.apple.product-type.application";
		};
		23BB328A1C590870000E8C72 /* ImageXTests */ = {
			isa = PBXNativeTarget;
			buildConfigurationList = 23BB32A21C590870000E8C72 /* Build configuration list for PBXNativeTarget "ImageXTests" */;
			buildPhases = (
				23BB32871C590870000E8C72 /* Sources */,
				23BB32881C590870000E8C72 /* Frameworks */,
				23BB32891C590870000E8C72 /* Resources */,
			);
			buildRules = (
			);
			dependencies = (
				23BB328D1C590870000E8C72 /* PBXTargetDependency */,
			);
			name = ImageXTests;
			productName = ImageXTests;
			productReference = 23BB328B1C590870000E8C72 /* ImageXTests.xctest */;
			productType = "com.apple.product-type.bundle.unit-test";
		};
		23BB32951C590870000E8C72 /* ImageXUITests */ = {
			isa = PBXNativeTarget;
			buildConfigurationList = 23BB32A51C590870000E8C72 /* Build configuration list for PBXNativeTarget "ImageXUITests" */;
			buildPhases = (
				23BB32921C590870000E8C72 /* Sources */,
				23BB32931C590870000E8C72 /* Frameworks */,
				23BB32941C590870000E8C72 /* Resources */,
			);
			buildRules = (
			);
			dependencies = (
				23BB32981C590870000E8C72 /* PBXTargetDependency */,
			);
			name = ImageXUITests;
			productName = ImageXUITests;
			productReference = 23BB32961C590870000E8C72 /* ImageXUITests.xctest */;
			productType = "com.apple.product-type.bundle.ui-testing";
		};
/* End PBXNativeTarget section */

/* Begin PBXProject section */
		23BB326A1C590870000E8C72 /* Project object */ = {
			isa = PBXProject;
			attributes = {
				LastUpgradeCheck = 0720;
				ORGANIZATIONNAME = KH;
				TargetAttributes = {
					23BB32711C590870000E8C72 = {
						CreatedOnToolsVersion = 7.2;
					};
					23BB328A1C590870000E8C72 = {
						CreatedOnToolsVersion = 7.2;
						TestTargetID = 23BB32711C590870000E8C72;
					};
					23BB32951C590870000E8C72 = {
						CreatedOnToolsVersion = 7.2;
						TestTargetID = 23BB32711C590870000E8C72;
					};
				};
			};
			buildConfigurationList = 23BB326D1C590870000E8C72 /* Build configuration list for PBXProject "ImageX" */;
			compatibilityVersion = "Xcode 3.2";
			developmentRegion = English;
			hasScannedForEncodings = 0;
			knownRegions = (
				en,
				Base,
			);
			mainGroup = 23BB32691C590870000E8C72;
			productRefGroup = 23BB32731C590870000E8C72 /* Products */;
			projectDirPath = "";
			projectRoot = "";
			targets = (
				23BB32711C590870000E8C72 /* ImageX */,
				23BB328A1C590870000E8C72 /* ImageXTests */,
				23BB32951C590870000E8C72 /* ImageXUITests */,
			);
		};
/* End PBXProject section */

/* Begin PBXResourcesBuildPhase section */
		23BB32701C590870000E8C72 /* Resources */ = {
			isa = PBXResourcesBuildPhase;
			buildActionMask = 2147483647;
			files = (
				23C540561C5917E900C01B03 /* KHHomeImageCollectionViewCell.xib in Resources */,
				23BB32851C590870000E8C72 /* LaunchScreen.storyboard in Resources */,
				23BB32821C590870000E8C72 /* Assets.xcassets in Resources */,
				23179D211C5BC22200291CB4 /* KHDetailsStoryboard.storyboard in Resources */,
				23BB32801C590870000E8C72 /* Main.storyboard in Resources */,
			);
			runOnlyForDeploymentPostprocessing = 0;
		};
		23BB32891C590870000E8C72 /* Resources */ = {
			isa = PBXResourcesBuildPhase;
			buildActionMask = 2147483647;
			files = (
			);
			runOnlyForDeploymentPostprocessing = 0;
		};
		23BB32941C590870000E8C72 /* Resources */ = {
			isa = PBXResourcesBuildPhase;
			buildActionMask = 2147483647;
			files = (
			);
			runOnlyForDeploymentPostprocessing = 0;
		};
/* End PBXResourcesBuildPhase section */

/* Begin PBXShellScriptBuildPhase section */
		09ECF8A9E92EA6447974F6B7 /* Copy Pods Resources */ = {
			isa = PBXShellScriptBuildPhase;
			buildActionMask = 2147483647;
			files = (
			);
			inputPaths = (
			);
			name = "Copy Pods Resources";
			outputPaths = (
			);
			runOnlyForDeploymentPostprocessing = 0;
			shellPath = /bin/sh;
			shellScript = "\"${SRCROOT}/Pods/Target Support Files/Pods-ImageX/Pods-ImageX-resources.sh\"\n";
			showEnvVarsInLog = 0;
		};
		2578B45DBE8F96641D0584BC /* Embed Pods Frameworks */ = {
			isa = PBXShellScriptBuildPhase;
			buildActionMask = 2147483647;
			files = (
			);
			inputPaths = (
			);
			name = "Embed Pods Frameworks";
			outputPaths = (
			);
			runOnlyForDeploymentPostprocessing = 0;
			shellPath = /bin/sh;
			shellScript = "\"${SRCROOT}/Pods/Target Support Files/Pods-ImageX/Pods-ImageX-frameworks.sh\"\n";
			showEnvVarsInLog = 0;
		};
		E61A8199533E15CA94B7C935 /* Check Pods Manifest.lock */ = {
			isa = PBXShellScriptBuildPhase;
			buildActionMask = 2147483647;
			files = (
			);
			inputPaths = (
			);
			name = "Check Pods Manifest.lock";
			outputPaths = (
			);
			runOnlyForDeploymentPostprocessing = 0;
			shellPath = /bin/sh;
			shellScript = "diff \"${PODS_ROOT}/../Podfile.lock\" \"${PODS_ROOT}/Manifest.lock\" > /dev/null\nif [[ $? != 0 ]] ; then\n    cat << EOM\nerror: The sandbox is not in sync with the Podfile.lock. Run 'pod install' or update your CocoaPods installation.\nEOM\n    exit 1\nfi\n";
			showEnvVarsInLog = 0;
		};
/* End PBXShellScriptBuildPhase section */

/* Begin PBXSourcesBuildPhase section */
		23BB326E1C590870000E8C72 /* Sources */ = {
			isa = PBXSourcesBuildPhase;
			buildActionMask = 2147483647;
			files = (
				23C540551C5917E900C01B03 /* KHHomeImageCollectionViewCell.m in Sources */,
				23BB327D1C590870000E8C72 /* ViewController.m in Sources */,
				23179D1E1C5BAEBA00291CB4 /* KHDetailsViewController.m in Sources */,
				23BB327A1C590870000E8C72 /* AppDelegate.m in Sources */,
				23BB32771C590870000E8C72 /* main.m in Sources */,
				23179D241C5BC49600291CB4 /* KHMainImageTableViewCell.m in Sources */,
			);
			runOnlyForDeploymentPostprocessing = 0;
		};
		23BB32871C590870000E8C72 /* Sources */ = {
			isa = PBXSourcesBuildPhase;
			buildActionMask = 2147483647;
			files = (
				23BB32901C590870000E8C72 /* ImageXTests.m in Sources */,
			);
			runOnlyForDeploymentPostprocessing = 0;
		};
		23BB32921C590870000E8C72 /* Sources */ = {
			isa = PBXSourcesBuildPhase;
			buildActionMask = 2147483647;
			files = (
				23BB329B1C590870000E8C72 /* ImageXUITests.m in Sources */,
			);
			runOnlyForDeploymentPostprocessing = 0;
		};
/* End PBXSourcesBuildPhase section */

/* Begin PBXTargetDependency section */
		23BB328D1C590870000E8C72 /* PBXTargetDependency */ = {
			isa = PBXTargetDependency;
			target = 23BB32711C590870000E8C72 /* ImageX */;
			targetProxy = 23BB328C1C590870000E8C72 /* PBXContainerItemProxy */;
		};
		23BB32981C590870000E8C72 /* PBXTargetDependency */ = {
			isa = PBXTargetDependency;
			target = 23BB32711C590870000E8C72 /* ImageX */;
			targetProxy = 23BB32971C590870000E8C72 /* PBXContainerItemProxy */;
		};
/* End PBXTargetDependency section */

/* Begin PBXVariantGroup section */
		23BB327E1C590870000E8C72 /* Main.storyboard */ = {
			isa = PBXVariantGroup;
			children = (
				23BB327F1C590870000E8C72 /* Base */,
			);
			name = Main.storyboard;
			sourceTree = "<group>";
		};
		23BB32831C590870000E8C72 /* LaunchScreen.storyboard */ = {
			isa = PBXVariantGroup;
			children = (
				23BB32841C590870000E8C72 /* Base */,
			);
			name = LaunchScreen.storyboard;
			sourceTree = "<group>";
		};
/* End PBXVariantGroup section */

/* Begin XCBuildConfiguration section */
		23BB329D1C590870000E8C72 /* Debug */ = {
			isa = XCBuildConfiguration;
			buildSettings = {
				ALWAYS_SEARCH_USER_PATHS = NO;
				CLANG_CXX_LANGUAGE_STANDARD = "gnu++0x";
				CLANG_CXX_LIBRARY = "libc++";
				CLANG_ENABLE_MODULES = YES;
				CLANG_ENABLE_OBJC_ARC = YES;
				CLANG_WARN_BOOL_CONVERSION = YES;
				CLANG_WARN_CONSTANT_CONVERSION = YES;
				CLANG_WARN_DIRECT_OBJC_ISA_USAGE = YES_ERROR;
				CLANG_WARN_EMPTY_BODY = YES;
				CLANG_WARN_ENUM_CONVERSION = YES;
				CLANG_WARN_INT_CONVERSION = YES;
				CLANG_WARN_OBJC_ROOT_CLASS = YES_ERROR;
				CLANG_WARN_UNREACHABLE_CODE = YES;
				CLANG_WARN__DUPLICATE_METHOD_MATCH = YES;
				"CODE_SIGN_IDENTITY[sdk=iphoneos*]" = "iPhone Developer";
				COPY_PHASE_STRIP = NO;
				DEBUG_INFORMATION_FORMAT = dwarf;
				ENABLE_STRICT_OBJC_MSGSEND = YES;
				ENABLE_TESTABILITY = YES;
				GCC_C_LANGUAGE_STANDARD = gnu99;
				GCC_DYNAMIC_NO_PIC = NO;
				GCC_NO_COMMON_BLOCKS = YES;
				GCC_OPTIMIZATION_LEVEL = 0;
				GCC_PREPROCESSOR_DEFINITIONS = (
					"DEBUG=1",
					"$(inherited)",
				);
				GCC_WARN_64_TO_32_BIT_CONVERSION = YES;
				GCC_WARN_ABOUT_RETURN_TYPE = YES_ERROR;
				GCC_WARN_UNDECLARED_SELECTOR = YES;
				GCC_WARN_UNINITIALIZED_AUTOS = YES_AGGRESSIVE;
				GCC_WARN_UNUSED_FUNCTION = YES;
				GCC_WARN_UNUSED_VARIABLE = YES;
				IPHONEOS_DEPLOYMENT_TARGET = 9.2;
				MTL_ENABLE_DEBUG_INFO = YES;
				ONLY_ACTIVE_ARCH = YES;
				SDKROOT = iphoneos;
				TARGETED_DEVICE_FAMILY = "1,2";
			};
			name = Debug;
		};
		23BB329E1C590870000E8C72 /* Release */ = {
			isa = XCBuildConfiguration;
			buildSettings = {
				ALWAYS_SEARCH_USER_PATHS = NO;
				CLANG_CXX_LANGUAGE_STANDARD = "gnu++0x";
				CLANG_CXX_LIBRARY = "libc++";
				CLANG_ENABLE_MODULES = YES;
				CLANG_ENABLE_OBJC_ARC = YES;
				CLANG_WARN_BOOL_CONVERSION = YES;
				CLANG_WARN_CONSTANT_CONVERSION = YES;
				CLANG_WARN_DIRECT_OBJC_ISA_USAGE = YES_ERROR;
				CLANG_WARN_EMPTY_BODY = YES;
				CLANG_WARN_ENUM_CONVERSION = YES;
				CLANG_WARN_INT_CONVERSION = YES;
				CLANG_WARN_OBJC_ROOT_CLASS = YES_ERROR;
				CLANG_WARN_UNREACHABLE_CODE = YES;
				CLANG_WARN__DUPLICATE_METHOD_MATCH = YES;
				"CODE_SIGN_IDENTITY[sdk=iphoneos*]" = "iPhone Developer";
				COPY_PHASE_STRIP = NO;
				DEBUG_INFORMATION_FORMAT = "dwarf-with-dsym";
				ENABLE_NS_ASSERTIONS = NO;
				ENABLE_STRICT_OBJC_MSGSEND = YES;
				GCC_C_LANGUAGE_STANDARD = gnu99;
				GCC_NO_COMMON_BLOCKS = YES;
				GCC_WARN_64_TO_32_BIT_CONVERSION = YES;
				GCC_WARN_ABOUT_RETURN_TYPE = YES_ERROR;
				GCC_WARN_UNDECLARED_SELECTOR = YES;
				GCC_WARN_UNINITIALIZED_AUTOS = YES_AGGRESSIVE;
				GCC_WARN_UNUSED_FUNCTION = YES;
				GCC_WARN_UNUSED_VARIABLE = YES;
				IPHONEOS_DEPLOYMENT_TARGET = 9.2;
				MTL_ENABLE_DEBUG_INFO = NO;
				SDKROOT = iphoneos;
				TARGETED_DEVICE_FAMILY = "1,2";
				VALIDATE_PRODUCT = YES;
			};
			name = Release;
		};
		23BB32A01C590870000E8C72 /* Debug */ = {
			isa = XCBuildConfiguration;
			baseConfigurationReference = 58DC2E16F8B74D6AC2C99C2B /* Pods-ImageX.debug.xcconfig */;
			buildSettings = {
				ASSETCATALOG_COMPILER_APPICON_NAME = AppIcon;
				GCC_PREFIX_HEADER = "ImageX/ImageX-prefix.h";
				INFOPLIST_FILE = ImageX/Info.plist;
				LD_RUNPATH_SEARCH_PATHS = "$(inherited) @executable_path/Frameworks";
				PRODUCT_BUNDLE_IDENTIFIER = hoangtrieukhang.ImageX;
				PRODUCT_NAME = "$(TARGET_NAME)";
			};
			name = Debug;
		};
		23BB32A11C590870000E8C72 /* Release */ = {
			isa = XCBuildConfiguration;
			baseConfigurationReference = CE8C7F3C80DF2BFA580C2680 /* Pods-ImageX.release.xcconfig */;
			buildSettings = {
				ASSETCATALOG_COMPILER_APPICON_NAME = AppIcon;
				GCC_PREFIX_HEADER = "ImageX/ImageX-prefix.h";
				INFOPLIST_FILE = ImageX/Info.plist;
				LD_RUNPATH_SEARCH_PATHS = "$(inherited) @executable_path/Frameworks";
				PRODUCT_BUNDLE_IDENTIFIER = hoangtrieukhang.ImageX;
				PRODUCT_NAME = "$(TARGET_NAME)";
			};
			name = Release;
		};
		23BB32A31C590870000E8C72 /* Debug */ = {
			isa = XCBuildConfiguration;
			buildSettings = {
				BUNDLE_LOADER = "$(TEST_HOST)";
				INFOPLIST_FILE = ImageXTests/Info.plist;
				LD_RUNPATH_SEARCH_PATHS = "$(inherited) @executable_path/Frameworks @loader_path/Frameworks";
				PRODUCT_BUNDLE_IDENTIFIER = hoangtrieukhang.ImageXTests;
				PRODUCT_NAME = "$(TARGET_NAME)";
				TEST_HOST = "$(BUILT_PRODUCTS_DIR)/ImageX.app/ImageX";
			};
			name = Debug;
		};
		23BB32A41C590870000E8C72 /* Release */ = {
			isa = XCBuildConfiguration;
			buildSettings = {
				BUNDLE_LOADER = "$(TEST_HOST)";
				INFOPLIST_FILE = ImageXTests/Info.plist;
				LD_RUNPATH_SEARCH_PATHS = "$(inherited) @executable_path/Frameworks @loader_path/Frameworks";
				PRODUCT_BUNDLE_IDENTIFIER = hoangtrieukhang.ImageXTests;
				PRODUCT_NAME = "$(TARGET_NAME)";
				TEST_HOST = "$(BUILT_PRODUCTS_DIR)/ImageX.app/ImageX";
			};
			name = Release;
		};
		23BB32A61C590870000E8C72 /* Debug */ = {
			isa = XCBuildConfiguration;
			buildSettings = {
				INFOPLIST_FILE = ImageXUITests/Info.plist;
				LD_RUNPATH_SEARCH_PATHS = "$(inherited) @executable_path/Frameworks @loader_path/Frameworks";
				PRODUCT_BUNDLE_IDENTIFIER = hoangtrieukhang.ImageXUITests;
				PRODUCT_NAME = "$(TARGET_NAME)";
				TEST_TARGET_NAME = ImageX;
				USES_XCTRUNNER = YES;
			};
			name = Debug;
		};
		23BB32A71C590870000E8C72 /* Release */ = {
			isa = XCBuildConfiguration;
			buildSettings = {
				INFOPLIST_FILE = ImageXUITests/Info.plist;
				LD_RUNPATH_SEARCH_PATHS = "$(inherited) @executable_path/Frameworks @loader_path/Frameworks";
				PRODUCT_BUNDLE_IDENTIFIER = hoangtrieukhang.ImageXUITests;
				PRODUCT_NAME = "$(TARGET_NAME)";
				TEST_TARGET_NAME = ImageX;
				USES_XCTRUNNER = YES;
			};
			name = Release;
		};
/* End XCBuildConfiguration section */

/* Begin XCConfigurationList section */
		23BB326D1C590870000E8C72 /* Build configuration list for PBXProject "ImageX" */ = {
			isa = XCConfigurationList;
			buildConfigurations = (
				23BB329D1C590870000E8C72 /* Debug */,
				23BB329E1C590870000E8C72 /* Release */,
			);
			defaultConfigurationIsVisible = 0;
			defaultConfigurationName = Release;
		};
		23BB329F1C590870000E8C72 /* Build configuration list for PBXNativeTarget "ImageX" */ = {
			isa = XCConfigurationList;
			buildConfigurations = (
				23BB32A01C590870000E8C72 /* Debug */,
				23BB32A11C590870000E8C72 /* Release */,
			);
			defaultConfigurationIsVisible = 0;
			defaultConfigurationName = Release;
		};
		23BB32A21C590870000E8C72 /* Build configuration list for PBXNativeTarget "ImageXTests" */ = {
			isa = XCConfigurationList;
			buildConfigurations = (
				23BB32A31C590870000E8C72 /* Debug */,
				23BB32A41C590870000E8C72 /* Release */,
			);
			defaultConfigurationIsVisible = 0;
			defaultConfigurationName = Release;
		};
		23BB32A51C590870000E8C72 /* Build configuration list for PBXNativeTarget "ImageXUITests" */ = {
			isa = XCConfigurationList;
			buildConfigurations = (
				23BB32A61C590870000E8C72 /* Debug */,
				23BB32A71C590870000E8C72 /* Release */,
			);
			defaultConfigurationIsVisible = 0;
			defaultConfigurationName = Release;
		};
/* End XCConfigurationList section */
	};
	rootObject = 23BB326A1C590870000E8C72 /* Project object */;
}
